
Microsoft Visual Studio Solution File, Format Version 11.00
# Visual Studio 2010
Project("{FAE04EC0-301F-11D3-BF4B-00C04F79EFBC}") = "Whoa_Dude", "Assembly-CSharp.csproj", "{9D0B6426-EA38-3510-6D40-DEB161D6395B}"
EndProject
Project("{FAE04EC0-301F-11D3-BF4B-00C04F79EFBC}") = "Whoa_Dude", "Assembly-CSharp-Editor.csproj", "{ADC4C123-1E35-AE5C-0A55-E7396BF835FF}"
EndProject
Global
	GlobalSection(SolutionConfigurationPlatforms) = preSolution
		Debug|Any CPU = Debug|Any CPU
		Release|Any CPU = Release|Any CPU
	EndGlobalSection
	GlobalSection(ProjectConfigurationPlatforms) = postSolution
		{9D0B6426-EA38-3510-6D40-DEB161D6395B}.Debug|Any CPU.ActiveCfg = Debug|Any CPU
		{9D0B6426-EA38-3510-6D40-DEB161D6395B}.Debug|Any CPU.Build.0 = Debug|Any CPU
		{9D0B6426-EA38-3510-6D40-DEB161D6395B}.Release|Any CPU.ActiveCfg = Release|Any CPU
		{9D0B6426-EA38-3510-6D40-DEB161D6395B}.Release|Any CPU.Build.0 = Release|Any CPU
		{ADC4C123-1E35-AE5C-0A55-E7396BF835FF}.Debug|Any CPU.ActiveCfg = Debug|Any CPU
		{ADC4C123-1E35-AE5C-0A55-E7396BF835FF}.Debug|Any CPU.Build.0 = Debug|Any CPU
		{ADC4C123-1E35-AE5C-0A55-E7396BF835FF}.Release|Any CPU.ActiveCfg = Release|Any CPU
		{ADC4C123-1E35-AE5C-0A55-E7396BF835FF}.Release|Any CPU.Build.0 = Release|Any CPU
	EndGlobalSection
	GlobalSection(SolutionProperties) = preSolution
		HideSolutionNode = FALSE
	EndGlobalSection
	GlobalSection(MonoDevelopProperties) = preSolution
		StartupItem = Assembly-CSharp.csproj
	EndGlobalSection
EndGlobal
