
Microsoft Visual Studio Solution File, Format Version 12.00
# Visual Studio 2017
Project("{FAE04EC0-301F-11D3-BF4B-00C04F79EFBC}") = "Whoa_Dude", "Whoa_Dude.csproj", "{2501C389-22DA-B547-4758-D32F698EF204}"
EndProject
Project("{FAE04EC0-301F-11D3-BF4B-00C04F79EFBC}") = "Whoa_Dude.Editor", "Whoa_Dude.Editor.csproj", "{564BA8AF-8944-A6F8-8E13-ADBFBF8FDB33}"
EndProject
Global
	GlobalSection(SolutionConfigurationPlatforms) = preSolution
		Debug|Any CPU = Debug|Any CPU
		Release|Any CPU = Release|Any CPU
	EndGlobalSection
	GlobalSection(ProjectConfigurationPlatforms) = postSolution
		{2501C389-22DA-B547-4758-D32F698EF204}.Debug|Any CPU.ActiveCfg = Debug|Any CPU
		{2501C389-22DA-B547-4758-D32F698EF204}.Debug|Any CPU.Build.0 = Debug|Any CPU
		{2501C389-22DA-B547-4758-D32F698EF204}.Release|Any CPU.ActiveCfg = Release|Any CPU
		{2501C389-22DA-B547-4758-D32F698EF204}.Release|Any CPU.Build.0 = Release|Any CPU
		{564BA8AF-8944-A6F8-8E13-ADBFBF8FDB33}.Debug|Any CPU.ActiveCfg = Debug|Any CPU
		{564BA8AF-8944-A6F8-8E13-ADBFBF8FDB33}.Debug|Any CPU.Build.0 = Debug|Any CPU
		{564BA8AF-8944-A6F8-8E13-ADBFBF8FDB33}.Release|Any CPU.ActiveCfg = Release|Any CPU
		{564BA8AF-8944-A6F8-8E13-ADBFBF8FDB33}.Release|Any CPU.Build.0 = Release|Any CPU
	EndGlobalSection
	GlobalSection(SolutionProperties) = preSolution
		HideSolutionNode = FALSE
	EndGlobalSection
EndGlobal
